
Microsoft Visual Studio Solution File, Format Version 12.00
# Visual Studio 15
VisualStudioVersion = 15.0.28010.2050
MinimumVisualStudioVersion = 10.0.40219.1
Project("{FAE04EC0-301F-11D3-BF4B-00C04F79EFBC}") = "myexe", "myexe\myexe.csproj", "{A3E6DAAB-446B-459D-B1C7-980DB3B4ED70}"
EndProject
Project("{FAE04EC0-301F-11D3-BF4B-00C04F79EFBC}") = "CreateList", "CreateList\CreateList.csproj", "{1857F475-1D39-4BA1-A74D-5F0301806490}"
EndProject
Project("{2150E333-8FDC-42A3-9474-1A3956D46DE8}") = "Solution Items", "Solution Items", "{EADE0C0F-07E0-4E4C-A406-680ADCF26BDC}"
	ProjectSection(SolutionItems) = preProject
		MasterPS\Master.ps1 = MasterPS\Master.ps1
	EndProjectSection
EndProject
Global
	GlobalSection(SolutionConfigurationPlatforms) = preSolution
		Debug|Any CPU = Debug|Any CPU
		Release|Any CPU = Release|Any CPU
	EndGlobalSection
	GlobalSection(ProjectConfigurationPlatforms) = postSolution
		{A3E6DAAB-446B-459D-B1C7-980DB3B4ED70}.Debug|Any CPU.ActiveCfg = Debug|Any CPU
		{A3E6DAAB-446B-459D-B1C7-980DB3B4ED70}.Debug|Any CPU.Build.0 = Debug|Any CPU
		{A3E6DAAB-446B-459D-B1C7-980DB3B4ED70}.Release|Any CPU.ActiveCfg = Release|Any CPU
		{A3E6DAAB-446B-459D-B1C7-980DB3B4ED70}.Release|Any CPU.Build.0 = Release|Any CPU
		{1857F475-1D39-4BA1-A74D-5F0301806490}.Debug|Any CPU.ActiveCfg = Debug|Any CPU
		{1857F475-1D39-4BA1-A74D-5F0301806490}.Debug|Any CPU.Build.0 = Debug|Any CPU
		{1857F475-1D39-4BA1-A74D-5F0301806490}.Release|Any CPU.ActiveCfg = Release|Any CPU
		{1857F475-1D39-4BA1-A74D-5F0301806490}.Release|Any CPU.Build.0 = Release|Any CPU
	EndGlobalSection
	GlobalSection(SolutionProperties) = preSolution
		HideSolutionNode = FALSE
	EndGlobalSection
	GlobalSection(ExtensibilityGlobals) = postSolution
		SolutionGuid = {035C8407-B429-4FC1-B329-A6231BDAD51F}
	EndGlobalSection
EndGlobal
